<Solution>
  <Project Path="VehicleTracker.Frontend/VehicleTracker.Frontend.esproj">
    <Build />
    <Deploy />
  </Project>
  <Folder Name="/Solution Items/">
    <File Path=".editorconfig" />
  </Folder>
  <Project Path="VehicleTracker.AppHost/VehicleTracker.AppHost.csproj" Id="c2dba433-dec3-4b88-8a1b-dfcaed0e1341" />
  <Project Path="VehicleTracker.ServiceDefaults/VehicleTracker.ServiceDefaults.csproj" />
  <Project Path="VehicleTracker/VehicleTracker.csproj" />
</Solution>
